
Microsoft Visual Studio Solution File, Format Version 12.00
# Visual Studio Version 17
VisualStudioVersion = 17.13.35931.197 d17.13
MinimumVisualStudioVersion = 10.0.40219.1
Project("{FAE04EC0-301F-11D3-BF4B-00C04F79EFBC}") = "MOSU_Stelmakh_3lab", "MOSU_Stelmakh_3lab\MOSU_Stelmakh_3lab.csproj", "{0FEAFBF1-8F64-4316-8056-CAFBFF6AB82E}"
EndProject
Global
	GlobalSection(SolutionConfigurationPlatforms) = preSolution
		Debug|Any CPU = Debug|Any CPU
		Release|Any CPU = Release|Any CPU
	EndGlobalSection
	GlobalSection(ProjectConfigurationPlatforms) = postSolution
		{0FEAFBF1-8F64-4316-8056-CAFBFF6AB82E}.Debug|Any CPU.ActiveCfg = Debug|Any CPU
		{0FEAFBF1-8F64-4316-8056-CAFBFF6AB82E}.Debug|Any CPU.Build.0 = Debug|Any CPU
		{0FEAFBF1-8F64-4316-8056-CAFBFF6AB82E}.Release|Any CPU.ActiveCfg = Release|Any CPU
		{0FEAFBF1-8F64-4316-8056-CAFBFF6AB82E}.Release|Any CPU.Build.0 = Release|Any CPU
	EndGlobalSection
	GlobalSection(SolutionProperties) = preSolution
		HideSolutionNode = FALSE
	EndGlobalSection
	GlobalSection(ExtensibilityGlobals) = postSolution
		SolutionGuid = {092E91B2-150C-41DE-B816-DC9E51B8343A}
	EndGlobalSection
EndGlobal
